
Microsoft Visual Studio Solution File, Format Version 12.00
# Visual Studio Version 16
VisualStudioVersion = 25.0.1706.12
MinimumVisualStudioVersion = 10.0.40219.1
Project("{FAE04EC0-301F-11D3-BF4B-00C04F79EFBC}") = "Builder_design_pattern", "Builder_design_pattern\Builder_design_pattern.csproj", "{80916E03-D0B2-4813-9355-D0F57E1D41F8}"
EndProject
Global
	GlobalSection(SolutionConfigurationPlatforms) = preSolution
		Debug|Any CPU = Debug|Any CPU
		Release|Any CPU = Release|Any CPU
	EndGlobalSection
	GlobalSection(ProjectConfigurationPlatforms) = postSolution
		{80916E03-D0B2-4813-9355-D0F57E1D41F8}.Debug|Any CPU.ActiveCfg = Debug|Any CPU
		{80916E03-D0B2-4813-9355-D0F57E1D41F8}.Debug|Any CPU.Build.0 = Debug|Any CPU
		{80916E03-D0B2-4813-9355-D0F57E1D41F8}.Release|Any CPU.ActiveCfg = Release|Any CPU
		{80916E03-D0B2-4813-9355-D0F57E1D41F8}.Release|Any CPU.Build.0 = Release|Any CPU
	EndGlobalSection
	GlobalSection(SolutionProperties) = preSolution
		HideSolutionNode = FALSE
	EndGlobalSection
	GlobalSection(ExtensibilityGlobals) = postSolution
		SolutionGuid = {C0DF17F0-CD4F-4AF8-93AC-50CD584A63CC}
	EndGlobalSection
EndGlobal
